{
    "name": "@ngx-translate/core",
    "version": "17.0.0",
    "lockfileVersion": 3,
    "requires": true,
    "packages": {
        "": {
            "name": "@ngx-translate/core",
            "version": "17.0.0",
            "license": "MIT",
            "peerDependencies": {
                "@angular/common": ">=16",
                "@angular/core": ">=16"
            }
        },
        "node_modules/@angular/common": {
            "version": "21.0.5",
            "resolved": "https://registry.npmjs.org/@angular/common/-/common-21.0.5.tgz",
            "integrity": "sha512-/ZI11F6Wxr8TZRVO4O7pmhBJ9YxDg9mvA76e0PiivmqZggM02HY0y3XPMP3hAOe4K+PfaVBgMAu3P9t32klzfA==",
            "license": "MIT",
            "peer": true,
            "dependencies": {
                "tslib": "^2.3.0"
            },
            "engines": {
                "node": "^20.19.0 || ^22.12.0 || >=24.0.0"
            },
            "peerDependencies": {
                "@angular/core": "21.0.5",
                "rxjs": "^6.5.3 || ^7.4.0"
            }
        },
        "node_modules/@angular/core": {
            "version": "21.0.5",
            "resolved": "https://registry.npmjs.org/@angular/core/-/core-21.0.5.tgz",
            "integrity": "sha512-HFXfO5YsBVM+IEaU8h3DZSxO98yDZM2v49NlSVNDzFD3fhnkpTmcgT2NKz9ulIiuV9N376itt+x+NG12sg/+Fw==",
            "license": "MIT",
            "peer": true,
            "dependencies": {
                "tslib": "^2.3.0"
            },
            "engines": {
                "node": "^20.19.0 || ^22.12.0 || >=24.0.0"
            },
            "peerDependencies": {
                "@angular/compiler": "21.0.5",
                "rxjs": "^6.5.3 || ^7.4.0",
                "zone.js": "~0.15.0 || ~0.16.0"
            },
            "peerDependenciesMeta": {
                "@angular/compiler": {
                    "optional": true
                },
                "zone.js": {
                    "optional": true
                }
            }
        },
        "node_modules/rxjs": {
            "version": "7.8.1",
            "resolved": "https://registry.npmjs.org/rxjs/-/rxjs-7.8.1.tgz",
            "integrity": "sha512-AA3TVj+0A2iuIoQkWEK/tqFjBq2j+6PO6Y0zJcvzLAFhEFIO3HL0vls9hWLncZbAAbK0mar7oZ4V079I/qPMxg==",
            "license": "Apache-2.0",
            "peer": true,
            "dependencies": {
                "tslib": "^2.1.0"
            }
        },
        "node_modules/tslib": {
            "version": "2.8.1",
            "resolved": "https://registry.npmjs.org/tslib/-/tslib-2.8.1.tgz",
            "integrity": "sha512-oJFu94HQb+KVduSUQL7wnpmqnfmLsOA/nAh6b6EH0wCEoK0/mPeXU6c3wKDV83MkOuHPRHtSXKKU99IBazS/2w==",
            "license": "0BSD"
        }
    }
}
